# DO NOT EDIT MANUALLY - Managed by Fern Replay
version: "1.0"
generations:
  - commit_sha: 9571e7b94ab421b949d6003022817cad58032a18
    tree_hash: fd06ed924e9f37a179c2d085335ad857526ec3a4
    timestamp: 2026-05-12T16:16:44.343Z
    cli_version: unknown
    generator_versions: {}
current_generation: 9571e7b94ab421b949d6003022817cad58032a18
patches: []
